
Microsoft Visual Studio Solution File, Format Version 12.00
# Visual Studio Version 17
VisualStudioVersion = 17.14.36109.1 d17.14
MinimumVisualStudioVersion = 10.0.40219.1
Project("{FAE04EC0-301F-11D3-BF4B-00C04F79EFBC}") = "Statistics", "Statistics\Statistics.csproj", "{4C7E3CA2-0788-4F05-8FE6-1F98EB186A72}"
EndProject
Global
	GlobalSection(SolutionConfigurationPlatforms) = preSolution
		Debug|Any CPU = Debug|Any CPU
		Release|Any CPU = Release|Any CPU
	EndGlobalSection
	GlobalSection(ProjectConfigurationPlatforms) = postSolution
		{4C7E3CA2-0788-4F05-8FE6-1F98EB186A72}.Debug|Any CPU.ActiveCfg = Debug|Any CPU
		{4C7E3CA2-0788-4F05-8FE6-1F98EB186A72}.Debug|Any CPU.Build.0 = Debug|Any CPU
		{4C7E3CA2-0788-4F05-8FE6-1F98EB186A72}.Release|Any CPU.ActiveCfg = Release|Any CPU
		{4C7E3CA2-0788-4F05-8FE6-1F98EB186A72}.Release|Any CPU.Build.0 = Release|Any CPU
	EndGlobalSection
	GlobalSection(SolutionProperties) = preSolution
		HideSolutionNode = FALSE
	EndGlobalSection
	GlobalSection(ExtensibilityGlobals) = postSolution
		SolutionGuid = {FCEB5A85-852A-4D31-99DF-99AB11CA6E82}
	EndGlobalSection
EndGlobal
